
Microsoft Visual Studio Solution File, Format Version 12.00
# Visual Studio Version 16
VisualStudioVersion = 16.0.29613.14
MinimumVisualStudioVersion = 10.0.40219.1
Project("{FAE04EC0-301F-11D3-BF4B-00C04F79EFBC}") = "GartnerApplication", "GartnerApplication.csproj", "{D5EAB84F-BD14-4C17-978D-698692454A0C}"
EndProject
Project("{FAE04EC0-301F-11D3-BF4B-00C04F79EFBC}") = "GartnerApplicationUnitTest", "..\GartnerApplicationUnitTest\GartnerApplicationUnitTest.csproj", "{479DD69B-6FFD-429D-950F-96541D7274F7}"
EndProject
Global
	GlobalSection(SolutionConfigurationPlatforms) = preSolution
		Debug|Any CPU = Debug|Any CPU
		Release|Any CPU = Release|Any CPU
	EndGlobalSection
	GlobalSection(ProjectConfigurationPlatforms) = postSolution
		{D5EAB84F-BD14-4C17-978D-698692454A0C}.Debug|Any CPU.ActiveCfg = Debug|Any CPU
		{D5EAB84F-BD14-4C17-978D-698692454A0C}.Debug|Any CPU.Build.0 = Debug|Any CPU
		{D5EAB84F-BD14-4C17-978D-698692454A0C}.Release|Any CPU.ActiveCfg = Release|Any CPU
		{D5EAB84F-BD14-4C17-978D-698692454A0C}.Release|Any CPU.Build.0 = Release|Any CPU
		{479DD69B-6FFD-429D-950F-96541D7274F7}.Debug|Any CPU.ActiveCfg = Debug|Any CPU
		{479DD69B-6FFD-429D-950F-96541D7274F7}.Debug|Any CPU.Build.0 = Debug|Any CPU
		{479DD69B-6FFD-429D-950F-96541D7274F7}.Release|Any CPU.ActiveCfg = Release|Any CPU
		{479DD69B-6FFD-429D-950F-96541D7274F7}.Release|Any CPU.Build.0 = Release|Any CPU
	EndGlobalSection
	GlobalSection(SolutionProperties) = preSolution
		HideSolutionNode = FALSE
	EndGlobalSection
	GlobalSection(ExtensibilityGlobals) = postSolution
		SolutionGuid = {9BFD1D3E-0CE2-4537-981A-02F8A386C9CC}
	EndGlobalSection
EndGlobal
